
Microsoft Visual Studio Solution File, Format Version 12.00
# Visual Studio Version 17
VisualStudioVersion = 17.10.34707.107
MinimumVisualStudioVersion = 10.0.40219.1
Project("{888888A0-9F3D-457C-B088-3A5042F75D52}") = "Cryptobot", "Cryptobot\Cryptobot.pyproj", "{CAB7AA26-8C1A-4CEE-B56A-60CCF8114930}"
EndProject
Global
	GlobalSection(SolutionConfigurationPlatforms) = preSolution
		Debug|Any CPU = Debug|Any CPU
		Release|Any CPU = Release|Any CPU
	EndGlobalSection
	GlobalSection(ProjectConfigurationPlatforms) = postSolution
		{CAB7AA26-8C1A-4CEE-B56A-60CCF8114930}.Debug|Any CPU.ActiveCfg = Debug|Any CPU
		{CAB7AA26-8C1A-4CEE-B56A-60CCF8114930}.Release|Any CPU.ActiveCfg = Release|Any CPU
	EndGlobalSection
	GlobalSection(SolutionProperties) = preSolution
		HideSolutionNode = FALSE
	EndGlobalSection
	GlobalSection(ExtensibilityGlobals) = postSolution
		SolutionGuid = {7D5A3D8A-0111-4B75-AAD3-D6FAFC7F7169}
	EndGlobalSection
EndGlobal
